
Microsoft Visual Studio Solution File, Format Version 12.00
# Visual Studio 15
VisualStudioVersion = 15.0.27703.2042
MinimumVisualStudioVersion = 10.0.40219.1
Project("{FAE04EC0-301F-11D3-BF4B-00C04F79EFBC}") = "lldp", "lldp.csproj", "{41E63E99-DDC9-44AC-9081-5A1B4E727ECB}"
EndProject
Global
	GlobalSection(SolutionConfigurationPlatforms) = preSolution
		Debug|Any CPU = Debug|Any CPU
		Debug|x64 = Debug|x64
		Release|Any CPU = Release|Any CPU
		Release|x64 = Release|x64
	EndGlobalSection
	GlobalSection(ProjectConfigurationPlatforms) = postSolution
		{41E63E99-DDC9-44AC-9081-5A1B4E727ECB}.Debug|Any CPU.ActiveCfg = Debug|Any CPU
		{41E63E99-DDC9-44AC-9081-5A1B4E727ECB}.Debug|Any CPU.Build.0 = Debug|Any CPU
		{41E63E99-DDC9-44AC-9081-5A1B4E727ECB}.Debug|x64.ActiveCfg = Debug|x64
		{41E63E99-DDC9-44AC-9081-5A1B4E727ECB}.Debug|x64.Build.0 = Debug|x64
		{41E63E99-DDC9-44AC-9081-5A1B4E727ECB}.Release|Any CPU.ActiveCfg = Release|Any CPU
		{41E63E99-DDC9-44AC-9081-5A1B4E727ECB}.Release|Any CPU.Build.0 = Release|Any CPU
		{41E63E99-DDC9-44AC-9081-5A1B4E727ECB}.Release|x64.ActiveCfg = Release|x64
		{41E63E99-DDC9-44AC-9081-5A1B4E727ECB}.Release|x64.Build.0 = Release|x64
	EndGlobalSection
	GlobalSection(SolutionProperties) = preSolution
		HideSolutionNode = FALSE
	EndGlobalSection
	GlobalSection(ExtensibilityGlobals) = postSolution
		SolutionGuid = {CA691C3F-CB04-4E06-A9F9-ED5FE4644673}
	EndGlobalSection
EndGlobal
